
Microsoft Visual Studio Solution File, Format Version 12.00
Project("{FAE04EC0-301F-11D3-BF4B-00C04F79EFBC}") = "IntervalMap", "src\IntervalMap\IntervalMap.csproj", "{8ABB19AC-0FFD-4023-A01B-6BD05E6DE50E}"
EndProject
Project("{FAE04EC0-301F-11D3-BF4B-00C04F79EFBC}") = "IntervalMap.Core", "src\Core\IntervalMap.Core\IntervalMap.Core.csproj", "{F2A9CA98-4D71-422A-AA99-472A53937D6C}"
EndProject
Project("{FAE04EC0-301F-11D3-BF4B-00C04F79EFBC}") = "Tests", "tests\Tests\Tests.csproj", "{6E8BF84A-E7F7-4A83-81F2-74BCCB945344}"
EndProject
Project("{FAE04EC0-301F-11D3-BF4B-00C04F79EFBC}") = "Benchmarks", "Benchmarks\Benchmarks.csproj", "{BBDE8DE6-A48D-4EDC-B650-ACA730698CEC}"
EndProject
Global
	GlobalSection(SolutionConfigurationPlatforms) = preSolution
		Debug|Any CPU = Debug|Any CPU
		Release|Any CPU = Release|Any CPU
	EndGlobalSection
	GlobalSection(ProjectConfigurationPlatforms) = postSolution
		{8ABB19AC-0FFD-4023-A01B-6BD05E6DE50E}.Debug|Any CPU.ActiveCfg = Debug|Any CPU
		{8ABB19AC-0FFD-4023-A01B-6BD05E6DE50E}.Debug|Any CPU.Build.0 = Debug|Any CPU
		{8ABB19AC-0FFD-4023-A01B-6BD05E6DE50E}.Release|Any CPU.ActiveCfg = Release|Any CPU
		{8ABB19AC-0FFD-4023-A01B-6BD05E6DE50E}.Release|Any CPU.Build.0 = Release|Any CPU
		{F2A9CA98-4D71-422A-AA99-472A53937D6C}.Debug|Any CPU.ActiveCfg = Debug|Any CPU
		{F2A9CA98-4D71-422A-AA99-472A53937D6C}.Debug|Any CPU.Build.0 = Debug|Any CPU
		{F2A9CA98-4D71-422A-AA99-472A53937D6C}.Release|Any CPU.ActiveCfg = Release|Any CPU
		{F2A9CA98-4D71-422A-AA99-472A53937D6C}.Release|Any CPU.Build.0 = Release|Any CPU
		{6E8BF84A-E7F7-4A83-81F2-74BCCB945344}.Debug|Any CPU.ActiveCfg = Debug|Any CPU
		{6E8BF84A-E7F7-4A83-81F2-74BCCB945344}.Debug|Any CPU.Build.0 = Debug|Any CPU
		{6E8BF84A-E7F7-4A83-81F2-74BCCB945344}.Release|Any CPU.ActiveCfg = Release|Any CPU
		{6E8BF84A-E7F7-4A83-81F2-74BCCB945344}.Release|Any CPU.Build.0 = Release|Any CPU
		{BBDE8DE6-A48D-4EDC-B650-ACA730698CEC}.Debug|Any CPU.ActiveCfg = Debug|Any CPU
		{BBDE8DE6-A48D-4EDC-B650-ACA730698CEC}.Debug|Any CPU.Build.0 = Debug|Any CPU
		{BBDE8DE6-A48D-4EDC-B650-ACA730698CEC}.Release|Any CPU.ActiveCfg = Release|Any CPU
		{BBDE8DE6-A48D-4EDC-B650-ACA730698CEC}.Release|Any CPU.Build.0 = Release|Any CPU
	EndGlobalSection
EndGlobal
